
Microsoft Visual Studio Solution File, Format Version 12.00
# Visual Studio Version 17
VisualStudioVersion = 17.1.32421.90
MinimumVisualStudioVersion = 10.0.40219.1
Project("{2150E333-8FDC-42A3-9474-1A3956D46DE8}") = "TaskProcessing", "TaskProcessing", "{B5FA2DF4-3C52-4226-AB1D-696D61ACDEC1}"
EndProject
Project("{9A19103F-16F7-4668-BE54-9A1E7A4F7556}") = "TaskProcessing.Core", "TaskProcessing.Core\TaskProcessing.Core.csproj", "{CA3D6F1C-80E1-4CD4-93AD-53F58E088FC5}"
EndProject
Project("{2150E333-8FDC-42A3-9474-1A3956D46DE8}") = "Infrastructure", "Infrastructure", "{C8E0A829-BA1C-4A52-934C-3572F95B4554}"
EndProject
Project("{9A19103F-16F7-4668-BE54-9A1E7A4F7556}") = "TaskProcessing.Data", "TaskProcessing.Data\TaskProcessing.Data.csproj", "{B3E76DA3-A5AC-4FC0-B7B4-1F94B92C8360}"
EndProject
Project("{9A19103F-16F7-4668-BE54-9A1E7A4F7556}") = "TaskProcessing.Test", "TaskProcessing.Test\TaskProcessing.Test.csproj", "{D66D1BC9-9451-43A2-AE8F-FC1AD00740F9}"
EndProject
Project("{2150E333-8FDC-42A3-9474-1A3956D46DE8}") = "SharedKernel", "SharedKernel", "{914155BD-0AF8-4015-A95B-E2A5EF7B30B0}"
EndProject
Project("{9A19103F-16F7-4668-BE54-9A1E7A4F7556}") = "ProATA.SharedKernel", "ProATA.SharedKernel\ProATA.SharedKernel.csproj", "{5FB705DF-252A-4A10-9E2F-400E7A831427}"
EndProject
Project("{9A19103F-16F7-4668-BE54-9A1E7A4F7556}") = "TaskProcessing.IntegrationTests", "TaskProcessing.IntegrationTests\TaskProcessing.IntegrationTests.csproj", "{3D375715-108B-4705-BA10-61B87E2CF87D}"
EndProject
Project("{9A19103F-16F7-4668-BE54-9A1E7A4F7556}") = "TaskProcessor", "TaskProcessor\TaskProcessor.csproj", "{7F1277A8-DBE9-4DC9-8C88-331DB5058B7A}"
EndProject
Project("{9A19103F-16F7-4668-BE54-9A1E7A4F7556}") = "APIManager", "APIManager\APIManager.csproj", "{2C1DDD46-954A-4146-9F8E-4273F1E309B2}"
EndProject
Project("{2150E333-8FDC-42A3-9474-1A3956D46DE8}") = "Solution Items", "Solution Items", "{6EDA29E1-E36F-4CBA-B759-103D669AA31E}"
	ProjectSection(SolutionItems) = preProject
		.editorconfig = .editorconfig
	EndProjectSection
EndProject
Project("{9A19103F-16F7-4668-BE54-9A1E7A4F7556}") = "IdentityServer.Admin", "IdentityServer\src\IdentityServer.Admin\IdentityServer.Admin.csproj", "{2A1A728C-C691-4B7E-9737-355B69A35024}"
EndProject
Project("{9A19103F-16F7-4668-BE54-9A1E7A4F7556}") = "IdentityServer.STS.Identity", "IdentityServer\src\IdentityServer.STS.Identity\IdentityServer.STS.Identity.csproj", "{72A8C87F-DCD4-44CE-885B-E57BA9736A25}"
EndProject
Project("{9A19103F-16F7-4668-BE54-9A1E7A4F7556}") = "IdentityServer.Admin.Api", "IdentityServer\src\IdentityServer.Admin.Api\IdentityServer.Admin.Api.csproj", "{A3B9A3BE-4A0C-4B7B-AF17-029682D3E3B7}"
EndProject
Project("{9A19103F-16F7-4668-BE54-9A1E7A4F7556}") = "IdentityServer.Admin.EntityFramework.Shared", "IdentityServer\src\IdentityServer.Admin.EntityFramework.Shared\IdentityServer.Admin.EntityFramework.Shared.csproj", "{52F67D7B-19C3-40D5-950B-0F1A66736A1B}"
EndProject
Project("{9A19103F-16F7-4668-BE54-9A1E7A4F7556}") = "IdentityServer.Admin.EntityFramework.MySql", "IdentityServer\src\IdentityServer.Admin.EntityFramework.MySql\IdentityServer.Admin.EntityFramework.MySql.csproj", "{7435B22C-6A7B-40D6-BFB0-68D835BE9CE0}"
EndProject
Project("{9A19103F-16F7-4668-BE54-9A1E7A4F7556}") = "IdentityServer.Admin.EntityFramework.PostgreSQL", "IdentityServer\src\IdentityServer.Admin.EntityFramework.PostgreSQL\IdentityServer.Admin.EntityFramework.PostgreSQL.csproj", "{7E274BAC-212B-49F2-81F7-B65E4C584AFA}"
EndProject
Project("{9A19103F-16F7-4668-BE54-9A1E7A4F7556}") = "IdentityServer.Admin.EntityFramework.SqlServer", "IdentityServer\src\IdentityServer.Admin.EntityFramework.SqlServer\IdentityServer.Admin.EntityFramework.SqlServer.csproj", "{2050B76A-5F09-4354-A0D9-BEE3AAFF701D}"
EndProject
Project("{9A19103F-16F7-4668-BE54-9A1E7A4F7556}") = "IdentityServer.Shared", "IdentityServer\src\IdentityServer.Shared\IdentityServer.Shared.csproj", "{527F1E14-3EE0-4A2A-B6C9-C0196BA94A02}"
EndProject
Project("{2150E333-8FDC-42A3-9474-1A3956D46DE8}") = "IdentityServer", "IdentityServer", "{B28EF9A6-82CA-45D5-BA44-E84A9302AC67}"
EndProject
Global
	GlobalSection(SolutionConfigurationPlatforms) = preSolution
		Debug|Any CPU = Debug|Any CPU
		Release|Any CPU = Release|Any CPU
	EndGlobalSection
	GlobalSection(ProjectConfigurationPlatforms) = postSolution
		{CA3D6F1C-80E1-4CD4-93AD-53F58E088FC5}.Debug|Any CPU.ActiveCfg = Debug|Any CPU
		{CA3D6F1C-80E1-4CD4-93AD-53F58E088FC5}.Debug|Any CPU.Build.0 = Debug|Any CPU
		{CA3D6F1C-80E1-4CD4-93AD-53F58E088FC5}.Release|Any CPU.ActiveCfg = Release|Any CPU
		{CA3D6F1C-80E1-4CD4-93AD-53F58E088FC5}.Release|Any CPU.Build.0 = Release|Any CPU
		{B3E76DA3-A5AC-4FC0-B7B4-1F94B92C8360}.Debug|Any CPU.ActiveCfg = Debug|Any CPU
		{B3E76DA3-A5AC-4FC0-B7B4-1F94B92C8360}.Debug|Any CPU.Build.0 = Debug|Any CPU
		{B3E76DA3-A5AC-4FC0-B7B4-1F94B92C8360}.Release|Any CPU.ActiveCfg = Release|Any CPU
		{B3E76DA3-A5AC-4FC0-B7B4-1F94B92C8360}.Release|Any CPU.Build.0 = Release|Any CPU
		{D66D1BC9-9451-43A2-AE8F-FC1AD00740F9}.Debug|Any CPU.ActiveCfg = Debug|Any CPU
		{D66D1BC9-9451-43A2-AE8F-FC1AD00740F9}.Debug|Any CPU.Build.0 = Debug|Any CPU
		{D66D1BC9-9451-43A2-AE8F-FC1AD00740F9}.Release|Any CPU.ActiveCfg = Release|Any CPU
		{D66D1BC9-9451-43A2-AE8F-FC1AD00740F9}.Release|Any CPU.Build.0 = Release|Any CPU
		{5FB705DF-252A-4A10-9E2F-400E7A831427}.Debug|Any CPU.ActiveCfg = Debug|Any CPU
		{5FB705DF-252A-4A10-9E2F-400E7A831427}.Debug|Any CPU.Build.0 = Debug|Any CPU
		{5FB705DF-252A-4A10-9E2F-400E7A831427}.Release|Any CPU.ActiveCfg = Release|Any CPU
		{5FB705DF-252A-4A10-9E2F-400E7A831427}.Release|Any CPU.Build.0 = Release|Any CPU
		{3D375715-108B-4705-BA10-61B87E2CF87D}.Debug|Any CPU.ActiveCfg = Debug|Any CPU
		{3D375715-108B-4705-BA10-61B87E2CF87D}.Debug|Any CPU.Build.0 = Debug|Any CPU
		{3D375715-108B-4705-BA10-61B87E2CF87D}.Release|Any CPU.ActiveCfg = Release|Any CPU
		{3D375715-108B-4705-BA10-61B87E2CF87D}.Release|Any CPU.Build.0 = Release|Any CPU
		{7F1277A8-DBE9-4DC9-8C88-331DB5058B7A}.Debug|Any CPU.ActiveCfg = Debug|Any CPU
		{7F1277A8-DBE9-4DC9-8C88-331DB5058B7A}.Debug|Any CPU.Build.0 = Debug|Any CPU
		{7F1277A8-DBE9-4DC9-8C88-331DB5058B7A}.Release|Any CPU.ActiveCfg = Release|Any CPU
		{7F1277A8-DBE9-4DC9-8C88-331DB5058B7A}.Release|Any CPU.Build.0 = Release|Any CPU
		{2C1DDD46-954A-4146-9F8E-4273F1E309B2}.Debug|Any CPU.ActiveCfg = Debug|Any CPU
		{2C1DDD46-954A-4146-9F8E-4273F1E309B2}.Debug|Any CPU.Build.0 = Debug|Any CPU
		{2C1DDD46-954A-4146-9F8E-4273F1E309B2}.Release|Any CPU.ActiveCfg = Release|Any CPU
		{2C1DDD46-954A-4146-9F8E-4273F1E309B2}.Release|Any CPU.Build.0 = Release|Any CPU
		{2A1A728C-C691-4B7E-9737-355B69A35024}.Debug|Any CPU.ActiveCfg = Debug|Any CPU
		{2A1A728C-C691-4B7E-9737-355B69A35024}.Debug|Any CPU.Build.0 = Debug|Any CPU
		{2A1A728C-C691-4B7E-9737-355B69A35024}.Release|Any CPU.ActiveCfg = Release|Any CPU
		{2A1A728C-C691-4B7E-9737-355B69A35024}.Release|Any CPU.Build.0 = Release|Any CPU
		{72A8C87F-DCD4-44CE-885B-E57BA9736A25}.Debug|Any CPU.ActiveCfg = Debug|Any CPU
		{72A8C87F-DCD4-44CE-885B-E57BA9736A25}.Debug|Any CPU.Build.0 = Debug|Any CPU
		{72A8C87F-DCD4-44CE-885B-E57BA9736A25}.Release|Any CPU.ActiveCfg = Release|Any CPU
		{72A8C87F-DCD4-44CE-885B-E57BA9736A25}.Release|Any CPU.Build.0 = Release|Any CPU
		{A3B9A3BE-4A0C-4B7B-AF17-029682D3E3B7}.Debug|Any CPU.ActiveCfg = Debug|Any CPU
		{A3B9A3BE-4A0C-4B7B-AF17-029682D3E3B7}.Debug|Any CPU.Build.0 = Debug|Any CPU
		{A3B9A3BE-4A0C-4B7B-AF17-029682D3E3B7}.Release|Any CPU.ActiveCfg = Release|Any CPU
		{A3B9A3BE-4A0C-4B7B-AF17-029682D3E3B7}.Release|Any CPU.Build.0 = Release|Any CPU
		{52F67D7B-19C3-40D5-950B-0F1A66736A1B}.Debug|Any CPU.ActiveCfg = Debug|Any CPU
		{52F67D7B-19C3-40D5-950B-0F1A66736A1B}.Debug|Any CPU.Build.0 = Debug|Any CPU
		{52F67D7B-19C3-40D5-950B-0F1A66736A1B}.Release|Any CPU.ActiveCfg = Release|Any CPU
		{52F67D7B-19C3-40D5-950B-0F1A66736A1B}.Release|Any CPU.Build.0 = Release|Any CPU
		{7435B22C-6A7B-40D6-BFB0-68D835BE9CE0}.Debug|Any CPU.ActiveCfg = Debug|Any CPU
		{7435B22C-6A7B-40D6-BFB0-68D835BE9CE0}.Debug|Any CPU.Build.0 = Debug|Any CPU
		{7435B22C-6A7B-40D6-BFB0-68D835BE9CE0}.Release|Any CPU.ActiveCfg = Release|Any CPU
		{7435B22C-6A7B-40D6-BFB0-68D835BE9CE0}.Release|Any CPU.Build.0 = Release|Any CPU
		{7E274BAC-212B-49F2-81F7-B65E4C584AFA}.Debug|Any CPU.ActiveCfg = Debug|Any CPU
		{7E274BAC-212B-49F2-81F7-B65E4C584AFA}.Debug|Any CPU.Build.0 = Debug|Any CPU
		{7E274BAC-212B-49F2-81F7-B65E4C584AFA}.Release|Any CPU.ActiveCfg = Release|Any CPU
		{7E274BAC-212B-49F2-81F7-B65E4C584AFA}.Release|Any CPU.Build.0 = Release|Any CPU
		{2050B76A-5F09-4354-A0D9-BEE3AAFF701D}.Debug|Any CPU.ActiveCfg = Debug|Any CPU
		{2050B76A-5F09-4354-A0D9-BEE3AAFF701D}.Debug|Any CPU.Build.0 = Debug|Any CPU
		{2050B76A-5F09-4354-A0D9-BEE3AAFF701D}.Release|Any CPU.ActiveCfg = Release|Any CPU
		{2050B76A-5F09-4354-A0D9-BEE3AAFF701D}.Release|Any CPU.Build.0 = Release|Any CPU
		{527F1E14-3EE0-4A2A-B6C9-C0196BA94A02}.Debug|Any CPU.ActiveCfg = Debug|Any CPU
		{527F1E14-3EE0-4A2A-B6C9-C0196BA94A02}.Debug|Any CPU.Build.0 = Debug|Any CPU
		{527F1E14-3EE0-4A2A-B6C9-C0196BA94A02}.Release|Any CPU.ActiveCfg = Release|Any CPU
		{527F1E14-3EE0-4A2A-B6C9-C0196BA94A02}.Release|Any CPU.Build.0 = Release|Any CPU
	EndGlobalSection
	GlobalSection(SolutionProperties) = preSolution
		HideSolutionNode = FALSE
	EndGlobalSection
	GlobalSection(NestedProjects) = preSolution
		{CA3D6F1C-80E1-4CD4-93AD-53F58E088FC5} = {B5FA2DF4-3C52-4226-AB1D-696D61ACDEC1}
		{C8E0A829-BA1C-4A52-934C-3572F95B4554} = {B5FA2DF4-3C52-4226-AB1D-696D61ACDEC1}
		{B3E76DA3-A5AC-4FC0-B7B4-1F94B92C8360} = {C8E0A829-BA1C-4A52-934C-3572F95B4554}
		{D66D1BC9-9451-43A2-AE8F-FC1AD00740F9} = {B5FA2DF4-3C52-4226-AB1D-696D61ACDEC1}
		{5FB705DF-252A-4A10-9E2F-400E7A831427} = {914155BD-0AF8-4015-A95B-E2A5EF7B30B0}
		{3D375715-108B-4705-BA10-61B87E2CF87D} = {C8E0A829-BA1C-4A52-934C-3572F95B4554}
		{2A1A728C-C691-4B7E-9737-355B69A35024} = {B28EF9A6-82CA-45D5-BA44-E84A9302AC67}
		{72A8C87F-DCD4-44CE-885B-E57BA9736A25} = {B28EF9A6-82CA-45D5-BA44-E84A9302AC67}
		{A3B9A3BE-4A0C-4B7B-AF17-029682D3E3B7} = {B28EF9A6-82CA-45D5-BA44-E84A9302AC67}
		{52F67D7B-19C3-40D5-950B-0F1A66736A1B} = {B28EF9A6-82CA-45D5-BA44-E84A9302AC67}
		{7435B22C-6A7B-40D6-BFB0-68D835BE9CE0} = {B28EF9A6-82CA-45D5-BA44-E84A9302AC67}
		{7E274BAC-212B-49F2-81F7-B65E4C584AFA} = {B28EF9A6-82CA-45D5-BA44-E84A9302AC67}
		{2050B76A-5F09-4354-A0D9-BEE3AAFF701D} = {B28EF9A6-82CA-45D5-BA44-E84A9302AC67}
		{527F1E14-3EE0-4A2A-B6C9-C0196BA94A02} = {B28EF9A6-82CA-45D5-BA44-E84A9302AC67}
	EndGlobalSection
	GlobalSection(ExtensibilityGlobals) = postSolution
		SolutionGuid = {39A4FC02-2462-42F5-B335-3DE77D039B62}
	EndGlobalSection
EndGlobal
